
Microsoft Visual Studio Solution File, Format Version 12.00
# Visual Studio 15
VisualStudioVersion = 15.0.26124.0
MinimumVisualStudioVersion = 15.0.26124.0
Project("{FAE04EC0-301F-11D3-BF4B-00C04F79EFBC}") = "Actions.Client", "Actions.Client\Actions.Client.csproj", "{908802AB-42E2-4FC0-B7D6-E323D7328265}"
EndProject
Project("{FAE04EC0-301F-11D3-BF4B-00C04F79EFBC}") = "Actions.Test", "Actions.Test\Actions.Test.csproj", "{64484F65-81A4-4D79-A46D-ACE2AED3E851}"
EndProject
Project("{FAE04EC0-301F-11D3-BF4B-00C04F79EFBC}") = "Actions.Web", "Actions.Web\Actions.Web.csproj", "{2CC2DF3D-DF10-4521-9E76-818F0A83DA06}"
EndProject
Global
	GlobalSection(SolutionConfigurationPlatforms) = preSolution
		Debug|Any CPU = Debug|Any CPU
		Debug|x64 = Debug|x64
		Debug|x86 = Debug|x86
		Release|Any CPU = Release|Any CPU
		Release|x64 = Release|x64
		Release|x86 = Release|x86
	EndGlobalSection
	GlobalSection(SolutionProperties) = preSolution
		HideSolutionNode = FALSE
	EndGlobalSection
	GlobalSection(ProjectConfigurationPlatforms) = postSolution
		{908802AB-42E2-4FC0-B7D6-E323D7328265}.Debug|Any CPU.ActiveCfg = Debug|Any CPU
		{908802AB-42E2-4FC0-B7D6-E323D7328265}.Debug|Any CPU.Build.0 = Debug|Any CPU
		{908802AB-42E2-4FC0-B7D6-E323D7328265}.Debug|x64.ActiveCfg = Debug|Any CPU
		{908802AB-42E2-4FC0-B7D6-E323D7328265}.Debug|x64.Build.0 = Debug|Any CPU
		{908802AB-42E2-4FC0-B7D6-E323D7328265}.Debug|x86.ActiveCfg = Debug|Any CPU
		{908802AB-42E2-4FC0-B7D6-E323D7328265}.Debug|x86.Build.0 = Debug|Any CPU
		{908802AB-42E2-4FC0-B7D6-E323D7328265}.Release|Any CPU.ActiveCfg = Release|Any CPU
		{908802AB-42E2-4FC0-B7D6-E323D7328265}.Release|Any CPU.Build.0 = Release|Any CPU
		{908802AB-42E2-4FC0-B7D6-E323D7328265}.Release|x64.ActiveCfg = Release|Any CPU
		{908802AB-42E2-4FC0-B7D6-E323D7328265}.Release|x64.Build.0 = Release|Any CPU
		{908802AB-42E2-4FC0-B7D6-E323D7328265}.Release|x86.ActiveCfg = Release|Any CPU
		{908802AB-42E2-4FC0-B7D6-E323D7328265}.Release|x86.Build.0 = Release|Any CPU
		{64484F65-81A4-4D79-A46D-ACE2AED3E851}.Debug|Any CPU.ActiveCfg = Debug|Any CPU
		{64484F65-81A4-4D79-A46D-ACE2AED3E851}.Debug|Any CPU.Build.0 = Debug|Any CPU
		{64484F65-81A4-4D79-A46D-ACE2AED3E851}.Debug|x64.ActiveCfg = Debug|Any CPU
		{64484F65-81A4-4D79-A46D-ACE2AED3E851}.Debug|x64.Build.0 = Debug|Any CPU
		{64484F65-81A4-4D79-A46D-ACE2AED3E851}.Debug|x86.ActiveCfg = Debug|Any CPU
		{64484F65-81A4-4D79-A46D-ACE2AED3E851}.Debug|x86.Build.0 = Debug|Any CPU
		{64484F65-81A4-4D79-A46D-ACE2AED3E851}.Release|Any CPU.ActiveCfg = Release|Any CPU
		{64484F65-81A4-4D79-A46D-ACE2AED3E851}.Release|Any CPU.Build.0 = Release|Any CPU
		{64484F65-81A4-4D79-A46D-ACE2AED3E851}.Release|x64.ActiveCfg = Release|Any CPU
		{64484F65-81A4-4D79-A46D-ACE2AED3E851}.Release|x64.Build.0 = Release|Any CPU
		{64484F65-81A4-4D79-A46D-ACE2AED3E851}.Release|x86.ActiveCfg = Release|Any CPU
		{64484F65-81A4-4D79-A46D-ACE2AED3E851}.Release|x86.Build.0 = Release|Any CPU
		{2CC2DF3D-DF10-4521-9E76-818F0A83DA06}.Debug|Any CPU.ActiveCfg = Debug|Any CPU
		{2CC2DF3D-DF10-4521-9E76-818F0A83DA06}.Debug|Any CPU.Build.0 = Debug|Any CPU
		{2CC2DF3D-DF10-4521-9E76-818F0A83DA06}.Debug|x64.ActiveCfg = Debug|Any CPU
		{2CC2DF3D-DF10-4521-9E76-818F0A83DA06}.Debug|x64.Build.0 = Debug|Any CPU
		{2CC2DF3D-DF10-4521-9E76-818F0A83DA06}.Debug|x86.ActiveCfg = Debug|Any CPU
		{2CC2DF3D-DF10-4521-9E76-818F0A83DA06}.Debug|x86.Build.0 = Debug|Any CPU
		{2CC2DF3D-DF10-4521-9E76-818F0A83DA06}.Release|Any CPU.ActiveCfg = Release|Any CPU
		{2CC2DF3D-DF10-4521-9E76-818F0A83DA06}.Release|Any CPU.Build.0 = Release|Any CPU
		{2CC2DF3D-DF10-4521-9E76-818F0A83DA06}.Release|x64.ActiveCfg = Release|Any CPU
		{2CC2DF3D-DF10-4521-9E76-818F0A83DA06}.Release|x64.Build.0 = Release|Any CPU
		{2CC2DF3D-DF10-4521-9E76-818F0A83DA06}.Release|x86.ActiveCfg = Release|Any CPU
		{2CC2DF3D-DF10-4521-9E76-818F0A83DA06}.Release|x86.Build.0 = Release|Any CPU
	EndGlobalSection
EndGlobal
